
Microsoft Visual Studio Solution File, Format Version 12.00
# Visual Studio Version 16
VisualStudioVersion = 16.0.31515.178
MinimumVisualStudioVersion = 10.0.40219.1
Project("{9A19103F-16F7-4668-BE54-9A1E7A4F7556}") = "Fin.Api", "src\Fin.Api\Fin.Api.csproj", "{960C9357-CD3E-4778-963B-43D60EAADA97}"
EndProject
Project("{9A19103F-16F7-4668-BE54-9A1E7A4F7556}") = "Fin.Infrastructure", "src\Fin.Infrastructure\Fin.Infrastructure.csproj", "{5A3D68B4-D050-4C0A-B11C-EBBF61A2CFD4}"
EndProject
Project("{9A19103F-16F7-4668-BE54-9A1E7A4F7556}") = "Fin.Domain", "src\Fin.Domain\Fin.Domain.csproj", "{2E4671AA-FCA7-4CB8-B70A-0464F17AE295}"
EndProject
Project("{9A19103F-16F7-4668-BE54-9A1E7A4F7556}") = "Fin.Application", "src\Fin.Application\Fin.Application.csproj", "{222BE2F5-9D3E-4723-B499-23A04AC99118}"
EndProject
Project("{2150E333-8FDC-42A3-9474-1A3956D46DE8}") = "src", "src", "{28F9BE8E-F488-4EED-96CB-04B1B73AAB30}"
EndProject
Project("{2150E333-8FDC-42A3-9474-1A3956D46DE8}") = "tests", "tests", "{587DBB02-ABD1-4064-8A24-936DAE532963}"
EndProject
Project("{9A19103F-16F7-4668-BE54-9A1E7A4F7556}") = "Fin.Application.Tests", "tests\Fin.Application.Tests\Fin.Application.Tests.csproj", "{143A48A6-B3C9-41DB-954E-45F42015D02C}"
EndProject
Project("{9A19103F-16F7-4668-BE54-9A1E7A4F7556}") = "Fin.Infrastructure.Tests", "tests\Fin.Infrastructure.Tests\Fin.Infrastructure.Tests.csproj", "{64BDCA3A-917C-48E8-96B4-4B3D494E70D2}"
EndProject
Project("{FAE04EC0-301F-11D3-BF4B-00C04F79EFBC}") = "Fin.Domain.Tests", "Fin.Domain.Tests\Fin.Domain.Tests.csproj", "{FE15C190-DFDB-45FF-8995-CE93139E3457}"
EndProject
Project("{FAE04EC0-301F-11D3-BF4B-00C04F79EFBC}") = "Fin.Api.Tests", "Fin.Api.Tests\Fin.Api.Tests.csproj", "{BA04FFA6-F196-47A5-ABA9-BDE5959FF1BF}"
EndProject
Global
	GlobalSection(SolutionConfigurationPlatforms) = preSolution
		Debug|Any CPU = Debug|Any CPU
		Release|Any CPU = Release|Any CPU
	EndGlobalSection
	GlobalSection(ProjectConfigurationPlatforms) = postSolution
		{960C9357-CD3E-4778-963B-43D60EAADA97}.Debug|Any CPU.ActiveCfg = Debug|Any CPU
		{960C9357-CD3E-4778-963B-43D60EAADA97}.Debug|Any CPU.Build.0 = Debug|Any CPU
		{960C9357-CD3E-4778-963B-43D60EAADA97}.Release|Any CPU.ActiveCfg = Release|Any CPU
		{960C9357-CD3E-4778-963B-43D60EAADA97}.Release|Any CPU.Build.0 = Release|Any CPU
		{5A3D68B4-D050-4C0A-B11C-EBBF61A2CFD4}.Debug|Any CPU.ActiveCfg = Debug|Any CPU
		{5A3D68B4-D050-4C0A-B11C-EBBF61A2CFD4}.Debug|Any CPU.Build.0 = Debug|Any CPU
		{5A3D68B4-D050-4C0A-B11C-EBBF61A2CFD4}.Release|Any CPU.ActiveCfg = Release|Any CPU
		{5A3D68B4-D050-4C0A-B11C-EBBF61A2CFD4}.Release|Any CPU.Build.0 = Release|Any CPU
		{2E4671AA-FCA7-4CB8-B70A-0464F17AE295}.Debug|Any CPU.ActiveCfg = Debug|Any CPU
		{2E4671AA-FCA7-4CB8-B70A-0464F17AE295}.Debug|Any CPU.Build.0 = Debug|Any CPU
		{2E4671AA-FCA7-4CB8-B70A-0464F17AE295}.Release|Any CPU.ActiveCfg = Release|Any CPU
		{2E4671AA-FCA7-4CB8-B70A-0464F17AE295}.Release|Any CPU.Build.0 = Release|Any CPU
		{222BE2F5-9D3E-4723-B499-23A04AC99118}.Debug|Any CPU.ActiveCfg = Debug|Any CPU
		{222BE2F5-9D3E-4723-B499-23A04AC99118}.Debug|Any CPU.Build.0 = Debug|Any CPU
		{222BE2F5-9D3E-4723-B499-23A04AC99118}.Release|Any CPU.ActiveCfg = Release|Any CPU
		{222BE2F5-9D3E-4723-B499-23A04AC99118}.Release|Any CPU.Build.0 = Release|Any CPU
		{143A48A6-B3C9-41DB-954E-45F42015D02C}.Debug|Any CPU.ActiveCfg = Debug|Any CPU
		{143A48A6-B3C9-41DB-954E-45F42015D02C}.Debug|Any CPU.Build.0 = Debug|Any CPU
		{143A48A6-B3C9-41DB-954E-45F42015D02C}.Release|Any CPU.ActiveCfg = Release|Any CPU
		{143A48A6-B3C9-41DB-954E-45F42015D02C}.Release|Any CPU.Build.0 = Release|Any CPU
		{64BDCA3A-917C-48E8-96B4-4B3D494E70D2}.Debug|Any CPU.ActiveCfg = Debug|Any CPU
		{64BDCA3A-917C-48E8-96B4-4B3D494E70D2}.Debug|Any CPU.Build.0 = Debug|Any CPU
		{64BDCA3A-917C-48E8-96B4-4B3D494E70D2}.Release|Any CPU.ActiveCfg = Release|Any CPU
		{64BDCA3A-917C-48E8-96B4-4B3D494E70D2}.Release|Any CPU.Build.0 = Release|Any CPU
		{FE15C190-DFDB-45FF-8995-CE93139E3457}.Debug|Any CPU.ActiveCfg = Debug|Any CPU
		{FE15C190-DFDB-45FF-8995-CE93139E3457}.Debug|Any CPU.Build.0 = Debug|Any CPU
		{FE15C190-DFDB-45FF-8995-CE93139E3457}.Release|Any CPU.ActiveCfg = Release|Any CPU
		{FE15C190-DFDB-45FF-8995-CE93139E3457}.Release|Any CPU.Build.0 = Release|Any CPU
		{BA04FFA6-F196-47A5-ABA9-BDE5959FF1BF}.Debug|Any CPU.ActiveCfg = Debug|Any CPU
		{BA04FFA6-F196-47A5-ABA9-BDE5959FF1BF}.Debug|Any CPU.Build.0 = Debug|Any CPU
		{BA04FFA6-F196-47A5-ABA9-BDE5959FF1BF}.Release|Any CPU.ActiveCfg = Release|Any CPU
		{BA04FFA6-F196-47A5-ABA9-BDE5959FF1BF}.Release|Any CPU.Build.0 = Release|Any CPU
	EndGlobalSection
	GlobalSection(SolutionProperties) = preSolution
		HideSolutionNode = FALSE
	EndGlobalSection
	GlobalSection(NestedProjects) = preSolution
		{960C9357-CD3E-4778-963B-43D60EAADA97} = {28F9BE8E-F488-4EED-96CB-04B1B73AAB30}
		{5A3D68B4-D050-4C0A-B11C-EBBF61A2CFD4} = {28F9BE8E-F488-4EED-96CB-04B1B73AAB30}
		{2E4671AA-FCA7-4CB8-B70A-0464F17AE295} = {28F9BE8E-F488-4EED-96CB-04B1B73AAB30}
		{222BE2F5-9D3E-4723-B499-23A04AC99118} = {28F9BE8E-F488-4EED-96CB-04B1B73AAB30}
		{143A48A6-B3C9-41DB-954E-45F42015D02C} = {587DBB02-ABD1-4064-8A24-936DAE532963}
		{64BDCA3A-917C-48E8-96B4-4B3D494E70D2} = {587DBB02-ABD1-4064-8A24-936DAE532963}
		{FE15C190-DFDB-45FF-8995-CE93139E3457} = {587DBB02-ABD1-4064-8A24-936DAE532963}
		{BA04FFA6-F196-47A5-ABA9-BDE5959FF1BF} = {587DBB02-ABD1-4064-8A24-936DAE532963}
	EndGlobalSection
	GlobalSection(ExtensibilityGlobals) = postSolution
		SolutionGuid = {637E15CB-EE06-46D5-9B7A-0A11A033A788}
	EndGlobalSection
EndGlobal
