
Microsoft Visual Studio Solution File, Format Version 12.00
# Visual Studio Version 16
VisualStudioVersion = 16.0.31515.178
MinimumVisualStudioVersion = 10.0.40219.1
Project("{FAE04EC0-301F-11D3-BF4B-00C04F79EFBC}") = "FinApi", "FinApi\FinApi.csproj", "{960C9357-CD3E-4778-963B-43D60EAADA97}"
EndProject
Global
	GlobalSection(SolutionConfigurationPlatforms) = preSolution
		Debug|Any CPU = Debug|Any CPU
		Release|Any CPU = Release|Any CPU
	EndGlobalSection
	GlobalSection(ProjectConfigurationPlatforms) = postSolution
		{960C9357-CD3E-4778-963B-43D60EAADA97}.Debug|Any CPU.ActiveCfg = Debug|Any CPU
		{960C9357-CD3E-4778-963B-43D60EAADA97}.Debug|Any CPU.Build.0 = Debug|Any CPU
		{960C9357-CD3E-4778-963B-43D60EAADA97}.Release|Any CPU.ActiveCfg = Release|Any CPU
		{960C9357-CD3E-4778-963B-43D60EAADA97}.Release|Any CPU.Build.0 = Release|Any CPU
	EndGlobalSection
	GlobalSection(SolutionProperties) = preSolution
		HideSolutionNode = FALSE
	EndGlobalSection
	GlobalSection(ExtensibilityGlobals) = postSolution
		SolutionGuid = {637E15CB-EE06-46D5-9B7A-0A11A033A788}
	EndGlobalSection
EndGlobal
